
Microsoft Visual Studio Solution File, Format Version 12.00
# Visual Studio Version 17
VisualStudioVersion = 17.11.35327.3
MinimumVisualStudioVersion = 10.0.40219.1
Project("{FAE04EC0-301F-11D3-BF4B-00C04F79EFBC}") = "Student.API", "src\Student.API\Student.API.csproj", "{F33A89DA-B996-41FE-B6BF-82E88476BF4F}"
EndProject
Project("{FAE04EC0-301F-11D3-BF4B-00C04F79EFBC}") = "Student.Domain", "src\Student.Domain\Student.Domain.csproj", "{58E1B15E-A960-4A01-AEEE-BCAE83970320}"
EndProject
Project("{FAE04EC0-301F-11D3-BF4B-00C04F79EFBC}") = "Student.Application", "src\Student.Application\Student.Application.csproj", "{0815EF4B-D482-40D9-9826-F4C2ADBE4923}"
EndProject
Project("{FAE04EC0-301F-11D3-BF4B-00C04F79EFBC}") = "Student.Infrastructure", "src\Student.Infrastructure\Student.Infrastructure.csproj", "{EC4BBE72-C1AE-4E6A-9D99-C49C5C2F5A27}"
EndProject
Global
	GlobalSection(SolutionConfigurationPlatforms) = preSolution
		Debug|Any CPU = Debug|Any CPU
		Release|Any CPU = Release|Any CPU
	EndGlobalSection
	GlobalSection(ProjectConfigurationPlatforms) = postSolution
		{F33A89DA-B996-41FE-B6BF-82E88476BF4F}.Debug|Any CPU.ActiveCfg = Debug|Any CPU
		{F33A89DA-B996-41FE-B6BF-82E88476BF4F}.Debug|Any CPU.Build.0 = Debug|Any CPU
		{F33A89DA-B996-41FE-B6BF-82E88476BF4F}.Release|Any CPU.ActiveCfg = Release|Any CPU
		{F33A89DA-B996-41FE-B6BF-82E88476BF4F}.Release|Any CPU.Build.0 = Release|Any CPU
		{58E1B15E-A960-4A01-AEEE-BCAE83970320}.Debug|Any CPU.ActiveCfg = Debug|Any CPU
		{58E1B15E-A960-4A01-AEEE-BCAE83970320}.Debug|Any CPU.Build.0 = Debug|Any CPU
		{58E1B15E-A960-4A01-AEEE-BCAE83970320}.Release|Any CPU.ActiveCfg = Release|Any CPU
		{58E1B15E-A960-4A01-AEEE-BCAE83970320}.Release|Any CPU.Build.0 = Release|Any CPU
		{0815EF4B-D482-40D9-9826-F4C2ADBE4923}.Debug|Any CPU.ActiveCfg = Debug|Any CPU
		{0815EF4B-D482-40D9-9826-F4C2ADBE4923}.Debug|Any CPU.Build.0 = Debug|Any CPU
		{0815EF4B-D482-40D9-9826-F4C2ADBE4923}.Release|Any CPU.ActiveCfg = Release|Any CPU
		{0815EF4B-D482-40D9-9826-F4C2ADBE4923}.Release|Any CPU.Build.0 = Release|Any CPU
		{EC4BBE72-C1AE-4E6A-9D99-C49C5C2F5A27}.Debug|Any CPU.ActiveCfg = Debug|Any CPU
		{EC4BBE72-C1AE-4E6A-9D99-C49C5C2F5A27}.Debug|Any CPU.Build.0 = Debug|Any CPU
		{EC4BBE72-C1AE-4E6A-9D99-C49C5C2F5A27}.Release|Any CPU.ActiveCfg = Release|Any CPU
		{EC4BBE72-C1AE-4E6A-9D99-C49C5C2F5A27}.Release|Any CPU.Build.0 = Release|Any CPU
	EndGlobalSection
	GlobalSection(SolutionProperties) = preSolution
		HideSolutionNode = FALSE
	EndGlobalSection
	GlobalSection(ExtensibilityGlobals) = postSolution
		SolutionGuid = {42C36FB1-8E1F-46B0-9CDC-F300AE696044}
	EndGlobalSection
EndGlobal
